
Microsoft Visual Studio Solution File, Format Version 12.00
# Visual Studio Version 17
VisualStudioVersion = 17.8.34525.116
MinimumVisualStudioVersion = 10.0.40219.1
Project("{FAE04EC0-301F-11D3-BF4B-00C04F79EFBC}") = "TasksApp.Server", "TasksApp.Server\TasksApp.Server.csproj", "{4508028E-195C-4893-84C4-AE640A66B181}"
EndProject
Project("{54A90642-561A-4BB1-A94E-469ADEE60C69}") = "tasksapp.client", "tasksapp.client\tasksapp.client.esproj", "{C76DFDD8-FDA7-4D85-BD38-F581DEAC76B8}"
EndProject
Project("{FAE04EC0-301F-11D3-BF4B-00C04F79EFBC}") = "TasksApp.Server.Test", "TasksApp.Server.Test\TasksApp.Server.Test.csproj", "{24F8469D-B980-4183-A3B2-6975D9CF7B26}"
EndProject
Global
	GlobalSection(SolutionConfigurationPlatforms) = preSolution
		Debug|Any CPU = Debug|Any CPU
		Release|Any CPU = Release|Any CPU
	EndGlobalSection
	GlobalSection(ProjectConfigurationPlatforms) = postSolution
		{4508028E-195C-4893-84C4-AE640A66B181}.Debug|Any CPU.ActiveCfg = Debug|Any CPU
		{4508028E-195C-4893-84C4-AE640A66B181}.Debug|Any CPU.Build.0 = Debug|Any CPU
		{4508028E-195C-4893-84C4-AE640A66B181}.Release|Any CPU.ActiveCfg = Release|Any CPU
		{4508028E-195C-4893-84C4-AE640A66B181}.Release|Any CPU.Build.0 = Release|Any CPU
		{C76DFDD8-FDA7-4D85-BD38-F581DEAC76B8}.Debug|Any CPU.ActiveCfg = Debug|Any CPU
		{C76DFDD8-FDA7-4D85-BD38-F581DEAC76B8}.Debug|Any CPU.Build.0 = Debug|Any CPU
		{C76DFDD8-FDA7-4D85-BD38-F581DEAC76B8}.Debug|Any CPU.Deploy.0 = Debug|Any CPU
		{C76DFDD8-FDA7-4D85-BD38-F581DEAC76B8}.Release|Any CPU.ActiveCfg = Release|Any CPU
		{C76DFDD8-FDA7-4D85-BD38-F581DEAC76B8}.Release|Any CPU.Build.0 = Release|Any CPU
		{C76DFDD8-FDA7-4D85-BD38-F581DEAC76B8}.Release|Any CPU.Deploy.0 = Release|Any CPU
		{24F8469D-B980-4183-A3B2-6975D9CF7B26}.Debug|Any CPU.ActiveCfg = Debug|Any CPU
		{24F8469D-B980-4183-A3B2-6975D9CF7B26}.Debug|Any CPU.Build.0 = Debug|Any CPU
		{24F8469D-B980-4183-A3B2-6975D9CF7B26}.Release|Any CPU.ActiveCfg = Release|Any CPU
		{24F8469D-B980-4183-A3B2-6975D9CF7B26}.Release|Any CPU.Build.0 = Release|Any CPU
	EndGlobalSection
	GlobalSection(SolutionProperties) = preSolution
		HideSolutionNode = FALSE
	EndGlobalSection
	GlobalSection(ExtensibilityGlobals) = postSolution
		SolutionGuid = {36C7EC05-A464-478E-877D-732A933C6BD4}
	EndGlobalSection
EndGlobal
